
Microsoft Visual Studio Solution File, Format Version 12.00
# Visual Studio Version 16
VisualStudioVersion = 16.0.29411.108
MinimumVisualStudioVersion = 10.0.40219.1
Project("{2150E333-8FDC-42A3-9474-1A3956D46DE8}") = "src", "src", "{C20B6312-1C6F-49AB-A3C0-B7495361F191}"
EndProject
Project("{2150E333-8FDC-42A3-9474-1A3956D46DE8}") = "test", "test", "{46BD50C2-95F8-4A2A-9874-0DCC3013F46F}"
EndProject
Project("{FAE04EC0-301F-11D3-BF4B-00C04F79EFBC}") = "LoanApplications.Domain", "src\LoanApplications.Domain\LoanApplications.Domain.csproj", "{98FB8EE8-D99B-4E02-90CA-A375DE7AFEF0}"
EndProject
Project("{FAE04EC0-301F-11D3-BF4B-00C04F79EFBC}") = "LoanApplications.Domain.Tests.Unit", "test\LoanApplications.Domain.Tests.Unit\LoanApplications.Domain.Tests.Unit.csproj", "{2E50922D-A1E5-4507-B0BC-F474CE08354D}"
EndProject
Project("{2150E333-8FDC-42A3-9474-1A3956D46DE8}") = "Domain", "Domain", "{076759FB-32BF-4859-93D8-2516C80959F8}"
EndProject
Project("{2150E333-8FDC-42A3-9474-1A3956D46DE8}") = "Application", "Application", "{E73F6624-BBC5-4EA3-8CE6-A9220690FE22}"
EndProject
Project("{2150E333-8FDC-42A3-9474-1A3956D46DE8}") = "Infrastructure", "Infrastructure", "{0EF4030A-8009-4D24-8CC8-7A3B886F7047}"
EndProject
Project("{FAE04EC0-301F-11D3-BF4B-00C04F79EFBC}") = "LoanApplications.Persistence.EF", "src\LoanApplications.Persistence.EF\LoanApplications.Persistence.EF.csproj", "{5D26B04B-6148-4D6A-AA27-8999E1928EDF}"
EndProject
Project("{FAE04EC0-301F-11D3-BF4B-00C04F79EFBC}") = "LoanApplications.Application", "src\LoanApplications.Application\LoanApplications.Application.csproj", "{CBD9ED13-0785-4A53-B6EA-F825139C66D1}"
EndProject
Project("{FAE04EC0-301F-11D3-BF4B-00C04F79EFBC}") = "LoanApplications.Application.Contracts", "LoanApplications.Application.Contracts\LoanApplications.Application.Contracts.csproj", "{E8853409-07E0-4FA0-97E8-AB4E6BD7E048}"
EndProject
Project("{FAE04EC0-301F-11D3-BF4B-00C04F79EFBC}") = "LoanApplications.ACL.Scoring", "src\LoanApplications.ACL.Scoring\LoanApplications.ACL.Scoring.csproj", "{CFA072B8-F79C-4EAF-ABE5-10354847BA7C}"
EndProject
Global
	GlobalSection(SolutionConfigurationPlatforms) = preSolution
		Debug|Any CPU = Debug|Any CPU
		Release|Any CPU = Release|Any CPU
	EndGlobalSection
	GlobalSection(ProjectConfigurationPlatforms) = postSolution
		{98FB8EE8-D99B-4E02-90CA-A375DE7AFEF0}.Debug|Any CPU.ActiveCfg = Debug|Any CPU
		{98FB8EE8-D99B-4E02-90CA-A375DE7AFEF0}.Debug|Any CPU.Build.0 = Debug|Any CPU
		{98FB8EE8-D99B-4E02-90CA-A375DE7AFEF0}.Release|Any CPU.ActiveCfg = Release|Any CPU
		{98FB8EE8-D99B-4E02-90CA-A375DE7AFEF0}.Release|Any CPU.Build.0 = Release|Any CPU
		{2E50922D-A1E5-4507-B0BC-F474CE08354D}.Debug|Any CPU.ActiveCfg = Debug|Any CPU
		{2E50922D-A1E5-4507-B0BC-F474CE08354D}.Debug|Any CPU.Build.0 = Debug|Any CPU
		{2E50922D-A1E5-4507-B0BC-F474CE08354D}.Release|Any CPU.ActiveCfg = Release|Any CPU
		{2E50922D-A1E5-4507-B0BC-F474CE08354D}.Release|Any CPU.Build.0 = Release|Any CPU
		{5D26B04B-6148-4D6A-AA27-8999E1928EDF}.Debug|Any CPU.ActiveCfg = Debug|Any CPU
		{5D26B04B-6148-4D6A-AA27-8999E1928EDF}.Debug|Any CPU.Build.0 = Debug|Any CPU
		{5D26B04B-6148-4D6A-AA27-8999E1928EDF}.Release|Any CPU.ActiveCfg = Release|Any CPU
		{5D26B04B-6148-4D6A-AA27-8999E1928EDF}.Release|Any CPU.Build.0 = Release|Any CPU
		{CBD9ED13-0785-4A53-B6EA-F825139C66D1}.Debug|Any CPU.ActiveCfg = Debug|Any CPU
		{CBD9ED13-0785-4A53-B6EA-F825139C66D1}.Debug|Any CPU.Build.0 = Debug|Any CPU
		{CBD9ED13-0785-4A53-B6EA-F825139C66D1}.Release|Any CPU.ActiveCfg = Release|Any CPU
		{CBD9ED13-0785-4A53-B6EA-F825139C66D1}.Release|Any CPU.Build.0 = Release|Any CPU
		{E8853409-07E0-4FA0-97E8-AB4E6BD7E048}.Debug|Any CPU.ActiveCfg = Debug|Any CPU
		{E8853409-07E0-4FA0-97E8-AB4E6BD7E048}.Debug|Any CPU.Build.0 = Debug|Any CPU
		{E8853409-07E0-4FA0-97E8-AB4E6BD7E048}.Release|Any CPU.ActiveCfg = Release|Any CPU
		{E8853409-07E0-4FA0-97E8-AB4E6BD7E048}.Release|Any CPU.Build.0 = Release|Any CPU
		{CFA072B8-F79C-4EAF-ABE5-10354847BA7C}.Debug|Any CPU.ActiveCfg = Debug|Any CPU
		{CFA072B8-F79C-4EAF-ABE5-10354847BA7C}.Debug|Any CPU.Build.0 = Debug|Any CPU
		{CFA072B8-F79C-4EAF-ABE5-10354847BA7C}.Release|Any CPU.ActiveCfg = Release|Any CPU
		{CFA072B8-F79C-4EAF-ABE5-10354847BA7C}.Release|Any CPU.Build.0 = Release|Any CPU
	EndGlobalSection
	GlobalSection(SolutionProperties) = preSolution
		HideSolutionNode = FALSE
	EndGlobalSection
	GlobalSection(NestedProjects) = preSolution
		{98FB8EE8-D99B-4E02-90CA-A375DE7AFEF0} = {076759FB-32BF-4859-93D8-2516C80959F8}
		{2E50922D-A1E5-4507-B0BC-F474CE08354D} = {46BD50C2-95F8-4A2A-9874-0DCC3013F46F}
		{076759FB-32BF-4859-93D8-2516C80959F8} = {C20B6312-1C6F-49AB-A3C0-B7495361F191}
		{E73F6624-BBC5-4EA3-8CE6-A9220690FE22} = {C20B6312-1C6F-49AB-A3C0-B7495361F191}
		{0EF4030A-8009-4D24-8CC8-7A3B886F7047} = {C20B6312-1C6F-49AB-A3C0-B7495361F191}
		{5D26B04B-6148-4D6A-AA27-8999E1928EDF} = {0EF4030A-8009-4D24-8CC8-7A3B886F7047}
		{CBD9ED13-0785-4A53-B6EA-F825139C66D1} = {E73F6624-BBC5-4EA3-8CE6-A9220690FE22}
		{E8853409-07E0-4FA0-97E8-AB4E6BD7E048} = {E73F6624-BBC5-4EA3-8CE6-A9220690FE22}
		{CFA072B8-F79C-4EAF-ABE5-10354847BA7C} = {0EF4030A-8009-4D24-8CC8-7A3B886F7047}
	EndGlobalSection
	GlobalSection(ExtensibilityGlobals) = postSolution
		SolutionGuid = {3E207954-ACDC-41F8-AF95-04D43E87279E}
	EndGlobalSection
EndGlobal
